
Microsoft Visual Studio Solution File, Format Version 12.00
# Visual Studio Version 17
VisualStudioVersion = 17.8.34511.84
MinimumVisualStudioVersion = 10.0.40219.1
Project("{FAE04EC0-301F-11D3-BF4B-00C04F79EFBC}") = "DndFightManagerMobileApp.Android", "DndFightManagerMobileApp\DndFightManagerMobileApp.Android\DndFightManagerMobileApp.Android.csproj", "{D3D0E22C-6FA4-465C-897A-D9E97CCF1E3A}"
EndProject
Project("{FAE04EC0-301F-11D3-BF4B-00C04F79EFBC}") = "DndFightManagerMobileApp.iOS", "DndFightManagerMobileApp\DndFightManagerMobileApp.iOS\DndFightManagerMobileApp.iOS.csproj", "{D3C90CC4-51A5-4951-AD5D-FB627F63EF27}"
EndProject
Project("{FAE04EC0-301F-11D3-BF4B-00C04F79EFBC}") = "DndFightManagerMobileApp", "DndFightManagerMobileApp\DndFightManagerMobileApp\DndFightManagerMobileApp.csproj", "{BA968AF6-1E96-4089-8909-E5E035177EE4}"
EndProject
Global
	GlobalSection(SolutionConfigurationPlatforms) = preSolution
		Debug|Any CPU = Debug|Any CPU
		Debug|iPhone = Debug|iPhone
		Debug|iPhoneSimulator = Debug|iPhoneSimulator
		Release|Any CPU = Release|Any CPU
		Release|iPhone = Release|iPhone
		Release|iPhoneSimulator = Release|iPhoneSimulator
	EndGlobalSection
	GlobalSection(ProjectConfigurationPlatforms) = postSolution
		{D3D0E22C-6FA4-465C-897A-D9E97CCF1E3A}.Debug|Any CPU.ActiveCfg = Debug|Any CPU
		{D3D0E22C-6FA4-465C-897A-D9E97CCF1E3A}.Debug|Any CPU.Build.0 = Debug|Any CPU
		{D3D0E22C-6FA4-465C-897A-D9E97CCF1E3A}.Debug|Any CPU.Deploy.0 = Debug|Any CPU
		{D3D0E22C-6FA4-465C-897A-D9E97CCF1E3A}.Debug|iPhone.ActiveCfg = Debug|Any CPU
		{D3D0E22C-6FA4-465C-897A-D9E97CCF1E3A}.Debug|iPhone.Build.0 = Debug|Any CPU
		{D3D0E22C-6FA4-465C-897A-D9E97CCF1E3A}.Debug|iPhone.Deploy.0 = Debug|Any CPU
		{D3D0E22C-6FA4-465C-897A-D9E97CCF1E3A}.Debug|iPhoneSimulator.ActiveCfg = Debug|Any CPU
		{D3D0E22C-6FA4-465C-897A-D9E97CCF1E3A}.Debug|iPhoneSimulator.Build.0 = Debug|Any CPU
		{D3D0E22C-6FA4-465C-897A-D9E97CCF1E3A}.Debug|iPhoneSimulator.Deploy.0 = Debug|Any CPU
		{D3D0E22C-6FA4-465C-897A-D9E97CCF1E3A}.Release|Any CPU.ActiveCfg = Release|Any CPU
		{D3D0E22C-6FA4-465C-897A-D9E97CCF1E3A}.Release|Any CPU.Build.0 = Release|Any CPU
		{D3D0E22C-6FA4-465C-897A-D9E97CCF1E3A}.Release|Any CPU.Deploy.0 = Release|Any CPU
		{D3D0E22C-6FA4-465C-897A-D9E97CCF1E3A}.Release|iPhone.ActiveCfg = Release|Any CPU
		{D3D0E22C-6FA4-465C-897A-D9E97CCF1E3A}.Release|iPhone.Build.0 = Release|Any CPU
		{D3D0E22C-6FA4-465C-897A-D9E97CCF1E3A}.Release|iPhone.Deploy.0 = Release|Any CPU
		{D3D0E22C-6FA4-465C-897A-D9E97CCF1E3A}.Release|iPhoneSimulator.ActiveCfg = Release|Any CPU
		{D3D0E22C-6FA4-465C-897A-D9E97CCF1E3A}.Release|iPhoneSimulator.Build.0 = Release|Any CPU
		{D3D0E22C-6FA4-465C-897A-D9E97CCF1E3A}.Release|iPhoneSimulator.Deploy.0 = Release|Any CPU
		{D3C90CC4-51A5-4951-AD5D-FB627F63EF27}.Debug|Any CPU.ActiveCfg = Debug|iPhone
		{D3C90CC4-51A5-4951-AD5D-FB627F63EF27}.Debug|Any CPU.Build.0 = Debug|iPhone
		{D3C90CC4-51A5-4951-AD5D-FB627F63EF27}.Debug|Any CPU.Deploy.0 = Debug|iPhone
		{D3C90CC4-51A5-4951-AD5D-FB627F63EF27}.Debug|iPhone.ActiveCfg = Debug|iPhone
		{D3C90CC4-51A5-4951-AD5D-FB627F63EF27}.Debug|iPhone.Build.0 = Debug|iPhone
		{D3C90CC4-51A5-4951-AD5D-FB627F63EF27}.Debug|iPhone.Deploy.0 = Debug|iPhone
		{D3C90CC4-51A5-4951-AD5D-FB627F63EF27}.Debug|iPhoneSimulator.ActiveCfg = Debug|iPhoneSimulator
		{D3C90CC4-51A5-4951-AD5D-FB627F63EF27}.Debug|iPhoneSimulator.Build.0 = Debug|iPhoneSimulator
		{D3C90CC4-51A5-4951-AD5D-FB627F63EF27}.Debug|iPhoneSimulator.Deploy.0 = Debug|iPhoneSimulator
		{D3C90CC4-51A5-4951-AD5D-FB627F63EF27}.Release|Any CPU.ActiveCfg = Release|iPhoneSimulator
		{D3C90CC4-51A5-4951-AD5D-FB627F63EF27}.Release|Any CPU.Build.0 = Release|iPhoneSimulator
		{D3C90CC4-51A5-4951-AD5D-FB627F63EF27}.Release|Any CPU.Deploy.0 = Release|iPhoneSimulator
		{D3C90CC4-51A5-4951-AD5D-FB627F63EF27}.Release|iPhone.ActiveCfg = Release|iPhone
		{D3C90CC4-51A5-4951-AD5D-FB627F63EF27}.Release|iPhone.Build.0 = Release|iPhone
		{D3C90CC4-51A5-4951-AD5D-FB627F63EF27}.Release|iPhone.Deploy.0 = Release|iPhone
		{D3C90CC4-51A5-4951-AD5D-FB627F63EF27}.Release|iPhoneSimulator.ActiveCfg = Release|iPhoneSimulator
		{D3C90CC4-51A5-4951-AD5D-FB627F63EF27}.Release|iPhoneSimulator.Build.0 = Release|iPhoneSimulator
		{D3C90CC4-51A5-4951-AD5D-FB627F63EF27}.Release|iPhoneSimulator.Deploy.0 = Release|iPhoneSimulator
		{BA968AF6-1E96-4089-8909-E5E035177EE4}.Debug|Any CPU.ActiveCfg = Debug|Any CPU
		{BA968AF6-1E96-4089-8909-E5E035177EE4}.Debug|Any CPU.Build.0 = Debug|Any CPU
		{BA968AF6-1E96-4089-8909-E5E035177EE4}.Debug|Any CPU.Deploy.0 = Debug|Any CPU
		{BA968AF6-1E96-4089-8909-E5E035177EE4}.Debug|iPhone.ActiveCfg = Debug|Any CPU
		{BA968AF6-1E96-4089-8909-E5E035177EE4}.Debug|iPhone.Build.0 = Debug|Any CPU
		{BA968AF6-1E96-4089-8909-E5E035177EE4}.Debug|iPhone.Deploy.0 = Debug|Any CPU
		{BA968AF6-1E96-4089-8909-E5E035177EE4}.Debug|iPhoneSimulator.ActiveCfg = Debug|Any CPU
		{BA968AF6-1E96-4089-8909-E5E035177EE4}.Debug|iPhoneSimulator.Build.0 = Debug|Any CPU
		{BA968AF6-1E96-4089-8909-E5E035177EE4}.Debug|iPhoneSimulator.Deploy.0 = Debug|Any CPU
		{BA968AF6-1E96-4089-8909-E5E035177EE4}.Release|Any CPU.ActiveCfg = Release|Any CPU
		{BA968AF6-1E96-4089-8909-E5E035177EE4}.Release|Any CPU.Build.0 = Release|Any CPU
		{BA968AF6-1E96-4089-8909-E5E035177EE4}.Release|Any CPU.Deploy.0 = Release|Any CPU
		{BA968AF6-1E96-4089-8909-E5E035177EE4}.Release|iPhone.ActiveCfg = Release|Any CPU
		{BA968AF6-1E96-4089-8909-E5E035177EE4}.Release|iPhone.Build.0 = Release|Any CPU
		{BA968AF6-1E96-4089-8909-E5E035177EE4}.Release|iPhone.Deploy.0 = Release|Any CPU
		{BA968AF6-1E96-4089-8909-E5E035177EE4}.Release|iPhoneSimulator.ActiveCfg = Release|Any CPU
		{BA968AF6-1E96-4089-8909-E5E035177EE4}.Release|iPhoneSimulator.Build.0 = Release|Any CPU
		{BA968AF6-1E96-4089-8909-E5E035177EE4}.Release|iPhoneSimulator.Deploy.0 = Release|Any CPU
	EndGlobalSection
	GlobalSection(SolutionProperties) = preSolution
		HideSolutionNode = FALSE
	EndGlobalSection
	GlobalSection(ExtensibilityGlobals) = postSolution
		SolutionGuid = {4FE893C6-DAFD-4C89-B1D5-6934AA34EE13}
	EndGlobalSection
EndGlobal
